
Microsoft Visual Studio Solution File, Format Version 12.00
# Visual Studio 15
VisualStudioVersion = 15.0.27703.2035
MinimumVisualStudioVersion = 10.0.40219.1
Project("{D954291E-2A0B-460D-934E-DC6B0785DB48}") = "GattServicesLibrary.Shared", "GattServicesLibrary.Shared\GattServicesLibrary.Shared.shproj", "{81627400-7444-4CC3-95AA-88D5144E4F5B}"
EndProject
Project("{FAE04EC0-301F-11D3-BF4B-00C04F79EFBC}") = "GattServicesLibrary.UWP", "GattServicesLibrary.UWP\GattServicesLibrary.UWP.csproj", "{F2AC4109-2809-4535-984B-F4E8FB589AE2}"
EndProject
Project("{FAE04EC0-301F-11D3-BF4B-00C04F79EFBC}") = "GattServicesLibrary.Net", "GattServicesLibrary.Net\GattServicesLibrary.Net.csproj", "{161BA1A8-A83A-4C10-9CE0-677C0CEFD680}"
EndProject
Global
	GlobalSection(SharedMSBuildProjectFiles) = preSolution
		GattServicesLibrary.Shared\GattServicesLibrary.Shared.projitems*{161ba1a8-a83a-4c10-9ce0-677c0cefd680}*SharedItemsImports = 4
		GattServicesLibrary.Shared\GattServicesLibrary.Shared.projitems*{81627400-7444-4cc3-95aa-88d5144e4f5b}*SharedItemsImports = 13
		GattServicesLibrary.Shared\GattServicesLibrary.Shared.projitems*{f2ac4109-2809-4535-984b-f4e8fb589ae2}*SharedItemsImports = 4
	EndGlobalSection
	GlobalSection(SolutionConfigurationPlatforms) = preSolution
		Debug|Any CPU = Debug|Any CPU
		Debug|ARM = Debug|ARM
		Debug|x64 = Debug|x64
		Debug|x86 = Debug|x86
		Release|Any CPU = Release|Any CPU
		Release|ARM = Release|ARM
		Release|x64 = Release|x64
		Release|x86 = Release|x86
	EndGlobalSection
	GlobalSection(ProjectConfigurationPlatforms) = postSolution
		{F2AC4109-2809-4535-984B-F4E8FB589AE2}.Debug|Any CPU.ActiveCfg = Debug|Any CPU
		{F2AC4109-2809-4535-984B-F4E8FB589AE2}.Debug|Any CPU.Build.0 = Debug|Any CPU
		{F2AC4109-2809-4535-984B-F4E8FB589AE2}.Debug|ARM.ActiveCfg = Debug|ARM
		{F2AC4109-2809-4535-984B-F4E8FB589AE2}.Debug|ARM.Build.0 = Debug|ARM
		{F2AC4109-2809-4535-984B-F4E8FB589AE2}.Debug|x64.ActiveCfg = Debug|x64
		{F2AC4109-2809-4535-984B-F4E8FB589AE2}.Debug|x64.Build.0 = Debug|x64
		{F2AC4109-2809-4535-984B-F4E8FB589AE2}.Debug|x86.ActiveCfg = Debug|x86
		{F2AC4109-2809-4535-984B-F4E8FB589AE2}.Debug|x86.Build.0 = Debug|x86
		{F2AC4109-2809-4535-984B-F4E8FB589AE2}.Release|Any CPU.ActiveCfg = Release|Any CPU
		{F2AC4109-2809-4535-984B-F4E8FB589AE2}.Release|Any CPU.Build.0 = Release|Any CPU
		{F2AC4109-2809-4535-984B-F4E8FB589AE2}.Release|ARM.ActiveCfg = Release|ARM
		{F2AC4109-2809-4535-984B-F4E8FB589AE2}.Release|ARM.Build.0 = Release|ARM
		{F2AC4109-2809-4535-984B-F4E8FB589AE2}.Release|x64.ActiveCfg = Release|x64
		{F2AC4109-2809-4535-984B-F4E8FB589AE2}.Release|x64.Build.0 = Release|x64
		{F2AC4109-2809-4535-984B-F4E8FB589AE2}.Release|x86.ActiveCfg = Release|x86
		{F2AC4109-2809-4535-984B-F4E8FB589AE2}.Release|x86.Build.0 = Release|x86
		{161BA1A8-A83A-4C10-9CE0-677C0CEFD680}.Debug|Any CPU.ActiveCfg = Debug|Any CPU
		{161BA1A8-A83A-4C10-9CE0-677C0CEFD680}.Debug|Any CPU.Build.0 = Debug|Any CPU
		{161BA1A8-A83A-4C10-9CE0-677C0CEFD680}.Debug|ARM.ActiveCfg = Debug|Any CPU
		{161BA1A8-A83A-4C10-9CE0-677C0CEFD680}.Debug|ARM.Build.0 = Debug|Any CPU
		{161BA1A8-A83A-4C10-9CE0-677C0CEFD680}.Debug|x64.ActiveCfg = Debug|Any CPU
		{161BA1A8-A83A-4C10-9CE0-677C0CEFD680}.Debug|x64.Build.0 = Debug|Any CPU
		{161BA1A8-A83A-4C10-9CE0-677C0CEFD680}.Debug|x86.ActiveCfg = Debug|Any CPU
		{161BA1A8-A83A-4C10-9CE0-677C0CEFD680}.Debug|x86.Build.0 = Debug|Any CPU
		{161BA1A8-A83A-4C10-9CE0-677C0CEFD680}.Release|Any CPU.ActiveCfg = Release|Any CPU
		{161BA1A8-A83A-4C10-9CE0-677C0CEFD680}.Release|Any CPU.Build.0 = Release|Any CPU
		{161BA1A8-A83A-4C10-9CE0-677C0CEFD680}.Release|ARM.ActiveCfg = Release|Any CPU
		{161BA1A8-A83A-4C10-9CE0-677C0CEFD680}.Release|ARM.Build.0 = Release|Any CPU
		{161BA1A8-A83A-4C10-9CE0-677C0CEFD680}.Release|x64.ActiveCfg = Release|Any CPU
		{161BA1A8-A83A-4C10-9CE0-677C0CEFD680}.Release|x64.Build.0 = Release|Any CPU
		{161BA1A8-A83A-4C10-9CE0-677C0CEFD680}.Release|x86.ActiveCfg = Release|Any CPU
		{161BA1A8-A83A-4C10-9CE0-677C0CEFD680}.Release|x86.Build.0 = Release|Any CPU
	EndGlobalSection
	GlobalSection(SolutionProperties) = preSolution
		HideSolutionNode = FALSE
	EndGlobalSection
	GlobalSection(ExtensibilityGlobals) = postSolution
		SolutionGuid = {29B1432D-4313-4380-BFF3-2AA1941D0F2E}
	EndGlobalSection
EndGlobal
