
Microsoft Visual Studio Solution File, Format Version 12.00
# Visual Studio 15
VisualStudioVersion = 15.0.26430.16
MinimumVisualStudioVersion = 10.0.40219.1
Project("{FAE04EC0-301F-11D3-BF4B-00C04F79EFBC}") = "BluetoothLEExplorer", "BluetoothLEExplorer\BluetoothLEExplorer.csproj", "{AD1CBE3C-A68A-4E02-8001-E02B815560EE}"
EndProject
Project("{FAE04EC0-301F-11D3-BF4B-00C04F79EFBC}") = "BluetoothLEExplorerUnitTests", "BluetoothLEExplorerUnitTests\BluetoothLEExplorerUnitTests.csproj", "{6F503DF9-71C9-4340-90BB-D9AA14ADB686}"
EndProject
Project("{2150E333-8FDC-42A3-9474-1A3956D46DE8}") = "Libraries", "Libraries", "{CE7206EA-62F5-44E4-9AC1-B2BE2FB120CA}"
EndProject
Project("{9A19103F-16F7-4668-BE54-9A1E7A4F7556}") = "SortedObservable", "Libs\SortedObservable\SortedObservable\SortedObservable.csproj", "{D8EDCF68-8D38-4035-AE33-0977D9C15075}"
EndProject
Project("{D954291E-2A0B-460D-934E-DC6B0785DB48}") = "GattServicesLibrary.Shared", "Libs\GattServicesLibrary\GattServicesLibrary.Shared\GattServicesLibrary.Shared.shproj", "{81627400-7444-4CC3-95AA-88D5144E4F5B}"
EndProject
Project("{FAE04EC0-301F-11D3-BF4B-00C04F79EFBC}") = "GattServicesLibrary.UWP", "Libs\GattServicesLibrary\GattServicesLibrary.UWP\GattServicesLibrary.UWP.csproj", "{F2AC4109-2809-4535-984B-F4E8FB589AE2}"
EndProject
Project("{FAE04EC0-301F-11D3-BF4B-00C04F79EFBC}") = "GattServicesLibrary.Net", "Libs\GattServicesLibrary\GattServicesLibrary.Net\GattServicesLibrary.Net.csproj", "{161BA1A8-A83A-4C10-9CE0-677C0CEFD680}"
EndProject
Project("{FAE04EC0-301F-11D3-BF4B-00C04F79EFBC}") = "BluetoothLEExplorerUnitTests.Net", "BluetoothLEExplorerUnitTests.Net\BluetoothLEExplorerUnitTests.Net.csproj", "{5DBC3DF0-3DF1-4D4F-850F-BF3A80D8C192}"
EndProject
Project("{D954291E-2A0B-460D-934E-DC6B0785DB48}") = "BluetoothLEExplorerUnitTests.Shared", "BluetoothLEExplorerUnitTests.Shared\BluetoothLEExplorerUnitTests.Shared.shproj", "{AA22E14D-5EFC-402D-8505-1B5E75FAA3CC}"
EndProject
Project("{2150E333-8FDC-42A3-9474-1A3956D46DE8}") = "Tests", "Tests", "{70E1E439-6844-4AF5-8049-7C5BC7C1455C}"
EndProject
Project("{D954291E-2A0B-460D-934E-DC6B0785DB48}") = "BluetoothLEExplorer.Shared", "BluetoothLEExplorer.Shared\BluetoothLEExplorer.Shared.shproj", "{D58EF17C-A484-448C-B19D-2B73F291B174}"
EndProject
Project("{FAE04EC0-301F-11D3-BF4B-00C04F79EFBC}") = "BluetoothLEExplorer.Net", "BluetoothLEExplorer.Net\BluetoothLEExplorer.Net.csproj", "{89084131-8B09-4109-8079-65379674DF99}"
EndProject
Global
	GlobalSection(SharedMSBuildProjectFiles) = preSolution
		Libs\GattServicesLibrary\GattServicesLibrary.Shared\GattServicesLibrary.Shared.projitems*{161ba1a8-a83a-4c10-9ce0-677c0cefd680}*SharedItemsImports = 4
		BluetoothLEExplorerUnitTests.Shared\BluetoothLEExplorerUnitTests.Shared.projitems*{5dbc3df0-3df1-4d4f-850f-bf3a80d8c192}*SharedItemsImports = 4
		BluetoothLEExplorerUnitTests.Shared\BluetoothLEExplorerUnitTests.Shared.projitems*{6f503df9-71c9-4340-90bb-d9aa14adb686}*SharedItemsImports = 4
		Libs\GattServicesLibrary\GattServicesLibrary.Shared\GattServicesLibrary.Shared.projitems*{81627400-7444-4cc3-95aa-88d5144e4f5b}*SharedItemsImports = 13
		BluetoothLEExplorerUnitTests.Shared\BluetoothLEExplorerUnitTests.Shared.projitems*{aa22e14d-5efc-402d-8505-1b5e75faa3cc}*SharedItemsImports = 13
		BluetoothLEExplorer.Shared\BluetoothLEExplorer.Shared.projitems*{ad1cbe3c-a68a-4e02-8001-e02b815560ee}*SharedItemsImports = 4
		BluetoothLEExplorer.Shared\BluetoothLEExplorer.Shared.projitems*{d58ef17c-a484-448c-b19d-2b73f291b174}*SharedItemsImports = 13
		Libs\GattServicesLibrary\GattServicesLibrary.Shared\GattServicesLibrary.Shared.projitems*{f2ac4109-2809-4535-984b-f4e8fb589ae2}*SharedItemsImports = 4
	EndGlobalSection
	GlobalSection(SolutionConfigurationPlatforms) = preSolution
		Debug|Any CPU = Debug|Any CPU
		Debug|ARM = Debug|ARM
		Debug|x64 = Debug|x64
		Debug|x86 = Debug|x86
		Release|Any CPU = Release|Any CPU
		Release|ARM = Release|ARM
		Release|x64 = Release|x64
		Release|x86 = Release|x86
	EndGlobalSection
	GlobalSection(ProjectConfigurationPlatforms) = postSolution
		{AD1CBE3C-A68A-4E02-8001-E02B815560EE}.Debug|Any CPU.ActiveCfg = Debug|x86
		{AD1CBE3C-A68A-4E02-8001-E02B815560EE}.Debug|ARM.ActiveCfg = Debug|ARM
		{AD1CBE3C-A68A-4E02-8001-E02B815560EE}.Debug|ARM.Build.0 = Debug|ARM
		{AD1CBE3C-A68A-4E02-8001-E02B815560EE}.Debug|ARM.Deploy.0 = Debug|ARM
		{AD1CBE3C-A68A-4E02-8001-E02B815560EE}.Debug|x64.ActiveCfg = Debug|x64
		{AD1CBE3C-A68A-4E02-8001-E02B815560EE}.Debug|x64.Build.0 = Debug|x64
		{AD1CBE3C-A68A-4E02-8001-E02B815560EE}.Debug|x64.Deploy.0 = Debug|x64
		{AD1CBE3C-A68A-4E02-8001-E02B815560EE}.Debug|x86.ActiveCfg = Debug|x86
		{AD1CBE3C-A68A-4E02-8001-E02B815560EE}.Debug|x86.Build.0 = Debug|x86
		{AD1CBE3C-A68A-4E02-8001-E02B815560EE}.Debug|x86.Deploy.0 = Debug|x86
		{AD1CBE3C-A68A-4E02-8001-E02B815560EE}.Release|Any CPU.ActiveCfg = Release|x86
		{AD1CBE3C-A68A-4E02-8001-E02B815560EE}.Release|ARM.ActiveCfg = Release|ARM
		{AD1CBE3C-A68A-4E02-8001-E02B815560EE}.Release|ARM.Build.0 = Release|ARM
		{AD1CBE3C-A68A-4E02-8001-E02B815560EE}.Release|ARM.Deploy.0 = Release|ARM
		{AD1CBE3C-A68A-4E02-8001-E02B815560EE}.Release|x64.ActiveCfg = Release|x64
		{AD1CBE3C-A68A-4E02-8001-E02B815560EE}.Release|x64.Build.0 = Release|x64
		{AD1CBE3C-A68A-4E02-8001-E02B815560EE}.Release|x64.Deploy.0 = Release|x64
		{AD1CBE3C-A68A-4E02-8001-E02B815560EE}.Release|x86.ActiveCfg = Release|x86
		{AD1CBE3C-A68A-4E02-8001-E02B815560EE}.Release|x86.Build.0 = Release|x86
		{AD1CBE3C-A68A-4E02-8001-E02B815560EE}.Release|x86.Deploy.0 = Release|x86
		{6F503DF9-71C9-4340-90BB-D9AA14ADB686}.Debug|Any CPU.ActiveCfg = Debug|x86
		{6F503DF9-71C9-4340-90BB-D9AA14ADB686}.Debug|ARM.ActiveCfg = Debug|ARM
		{6F503DF9-71C9-4340-90BB-D9AA14ADB686}.Debug|ARM.Build.0 = Debug|ARM
		{6F503DF9-71C9-4340-90BB-D9AA14ADB686}.Debug|ARM.Deploy.0 = Debug|ARM
		{6F503DF9-71C9-4340-90BB-D9AA14ADB686}.Debug|x64.ActiveCfg = Debug|x64
		{6F503DF9-71C9-4340-90BB-D9AA14ADB686}.Debug|x64.Build.0 = Debug|x64
		{6F503DF9-71C9-4340-90BB-D9AA14ADB686}.Debug|x64.Deploy.0 = Debug|x64
		{6F503DF9-71C9-4340-90BB-D9AA14ADB686}.Debug|x86.ActiveCfg = Debug|x86
		{6F503DF9-71C9-4340-90BB-D9AA14ADB686}.Debug|x86.Build.0 = Debug|x86
		{6F503DF9-71C9-4340-90BB-D9AA14ADB686}.Debug|x86.Deploy.0 = Debug|x86
		{6F503DF9-71C9-4340-90BB-D9AA14ADB686}.Release|Any CPU.ActiveCfg = Release|x86
		{6F503DF9-71C9-4340-90BB-D9AA14ADB686}.Release|ARM.ActiveCfg = Release|ARM
		{6F503DF9-71C9-4340-90BB-D9AA14ADB686}.Release|ARM.Build.0 = Release|ARM
		{6F503DF9-71C9-4340-90BB-D9AA14ADB686}.Release|ARM.Deploy.0 = Release|ARM
		{6F503DF9-71C9-4340-90BB-D9AA14ADB686}.Release|x64.ActiveCfg = Release|x64
		{6F503DF9-71C9-4340-90BB-D9AA14ADB686}.Release|x64.Build.0 = Release|x64
		{6F503DF9-71C9-4340-90BB-D9AA14ADB686}.Release|x64.Deploy.0 = Release|x64
		{6F503DF9-71C9-4340-90BB-D9AA14ADB686}.Release|x86.ActiveCfg = Release|x86
		{6F503DF9-71C9-4340-90BB-D9AA14ADB686}.Release|x86.Build.0 = Release|x86
		{6F503DF9-71C9-4340-90BB-D9AA14ADB686}.Release|x86.Deploy.0 = Release|x86
		{D8EDCF68-8D38-4035-AE33-0977D9C15075}.Debug|Any CPU.ActiveCfg = Debug|Any CPU
		{D8EDCF68-8D38-4035-AE33-0977D9C15075}.Debug|Any CPU.Build.0 = Debug|Any CPU
		{D8EDCF68-8D38-4035-AE33-0977D9C15075}.Debug|ARM.ActiveCfg = Debug|Any CPU
		{D8EDCF68-8D38-4035-AE33-0977D9C15075}.Debug|ARM.Build.0 = Debug|Any CPU
		{D8EDCF68-8D38-4035-AE33-0977D9C15075}.Debug|x64.ActiveCfg = Debug|Any CPU
		{D8EDCF68-8D38-4035-AE33-0977D9C15075}.Debug|x64.Build.0 = Debug|Any CPU
		{D8EDCF68-8D38-4035-AE33-0977D9C15075}.Debug|x86.ActiveCfg = Debug|Any CPU
		{D8EDCF68-8D38-4035-AE33-0977D9C15075}.Debug|x86.Build.0 = Debug|Any CPU
		{D8EDCF68-8D38-4035-AE33-0977D9C15075}.Release|Any CPU.ActiveCfg = Release|Any CPU
		{D8EDCF68-8D38-4035-AE33-0977D9C15075}.Release|Any CPU.Build.0 = Release|Any CPU
		{D8EDCF68-8D38-4035-AE33-0977D9C15075}.Release|ARM.ActiveCfg = Release|Any CPU
		{D8EDCF68-8D38-4035-AE33-0977D9C15075}.Release|ARM.Build.0 = Release|Any CPU
		{D8EDCF68-8D38-4035-AE33-0977D9C15075}.Release|x64.ActiveCfg = Release|Any CPU
		{D8EDCF68-8D38-4035-AE33-0977D9C15075}.Release|x64.Build.0 = Release|Any CPU
		{D8EDCF68-8D38-4035-AE33-0977D9C15075}.Release|x86.ActiveCfg = Release|Any CPU
		{D8EDCF68-8D38-4035-AE33-0977D9C15075}.Release|x86.Build.0 = Release|Any CPU
		{F2AC4109-2809-4535-984B-F4E8FB589AE2}.Debug|Any CPU.ActiveCfg = Debug|Any CPU
		{F2AC4109-2809-4535-984B-F4E8FB589AE2}.Debug|Any CPU.Build.0 = Debug|Any CPU
		{F2AC4109-2809-4535-984B-F4E8FB589AE2}.Debug|ARM.ActiveCfg = Debug|ARM
		{F2AC4109-2809-4535-984B-F4E8FB589AE2}.Debug|ARM.Build.0 = Debug|ARM
		{F2AC4109-2809-4535-984B-F4E8FB589AE2}.Debug|x64.ActiveCfg = Debug|x64
		{F2AC4109-2809-4535-984B-F4E8FB589AE2}.Debug|x64.Build.0 = Debug|x64
		{F2AC4109-2809-4535-984B-F4E8FB589AE2}.Debug|x86.ActiveCfg = Debug|x86
		{F2AC4109-2809-4535-984B-F4E8FB589AE2}.Debug|x86.Build.0 = Debug|x86
		{F2AC4109-2809-4535-984B-F4E8FB589AE2}.Release|Any CPU.ActiveCfg = Release|Any CPU
		{F2AC4109-2809-4535-984B-F4E8FB589AE2}.Release|Any CPU.Build.0 = Release|Any CPU
		{F2AC4109-2809-4535-984B-F4E8FB589AE2}.Release|ARM.ActiveCfg = Release|ARM
		{F2AC4109-2809-4535-984B-F4E8FB589AE2}.Release|ARM.Build.0 = Release|ARM
		{F2AC4109-2809-4535-984B-F4E8FB589AE2}.Release|x64.ActiveCfg = Release|x64
		{F2AC4109-2809-4535-984B-F4E8FB589AE2}.Release|x64.Build.0 = Release|x64
		{F2AC4109-2809-4535-984B-F4E8FB589AE2}.Release|x86.ActiveCfg = Release|x86
		{F2AC4109-2809-4535-984B-F4E8FB589AE2}.Release|x86.Build.0 = Release|x86
		{161BA1A8-A83A-4C10-9CE0-677C0CEFD680}.Debug|Any CPU.ActiveCfg = Debug|Any CPU
		{161BA1A8-A83A-4C10-9CE0-677C0CEFD680}.Debug|Any CPU.Build.0 = Debug|Any CPU
		{161BA1A8-A83A-4C10-9CE0-677C0CEFD680}.Debug|ARM.ActiveCfg = Debug|Any CPU
		{161BA1A8-A83A-4C10-9CE0-677C0CEFD680}.Debug|ARM.Build.0 = Debug|Any CPU
		{161BA1A8-A83A-4C10-9CE0-677C0CEFD680}.Debug|x64.ActiveCfg = Debug|Any CPU
		{161BA1A8-A83A-4C10-9CE0-677C0CEFD680}.Debug|x64.Build.0 = Debug|Any CPU
		{161BA1A8-A83A-4C10-9CE0-677C0CEFD680}.Debug|x86.ActiveCfg = Debug|Any CPU
		{161BA1A8-A83A-4C10-9CE0-677C0CEFD680}.Debug|x86.Build.0 = Debug|Any CPU
		{161BA1A8-A83A-4C10-9CE0-677C0CEFD680}.Release|Any CPU.ActiveCfg = Release|Any CPU
		{161BA1A8-A83A-4C10-9CE0-677C0CEFD680}.Release|Any CPU.Build.0 = Release|Any CPU
		{161BA1A8-A83A-4C10-9CE0-677C0CEFD680}.Release|ARM.ActiveCfg = Release|Any CPU
		{161BA1A8-A83A-4C10-9CE0-677C0CEFD680}.Release|ARM.Build.0 = Release|Any CPU
		{161BA1A8-A83A-4C10-9CE0-677C0CEFD680}.Release|x64.ActiveCfg = Release|Any CPU
		{161BA1A8-A83A-4C10-9CE0-677C0CEFD680}.Release|x64.Build.0 = Release|Any CPU
		{161BA1A8-A83A-4C10-9CE0-677C0CEFD680}.Release|x86.ActiveCfg = Release|Any CPU
		{161BA1A8-A83A-4C10-9CE0-677C0CEFD680}.Release|x86.Build.0 = Release|Any CPU
		{5DBC3DF0-3DF1-4D4F-850F-BF3A80D8C192}.Debug|Any CPU.ActiveCfg = Debug|Any CPU
		{5DBC3DF0-3DF1-4D4F-850F-BF3A80D8C192}.Debug|Any CPU.Build.0 = Debug|Any CPU
		{5DBC3DF0-3DF1-4D4F-850F-BF3A80D8C192}.Debug|ARM.ActiveCfg = Debug|Any CPU
		{5DBC3DF0-3DF1-4D4F-850F-BF3A80D8C192}.Debug|ARM.Build.0 = Debug|Any CPU
		{5DBC3DF0-3DF1-4D4F-850F-BF3A80D8C192}.Debug|x64.ActiveCfg = Debug|Any CPU
		{5DBC3DF0-3DF1-4D4F-850F-BF3A80D8C192}.Debug|x64.Build.0 = Debug|Any CPU
		{5DBC3DF0-3DF1-4D4F-850F-BF3A80D8C192}.Debug|x86.ActiveCfg = Debug|Any CPU
		{5DBC3DF0-3DF1-4D4F-850F-BF3A80D8C192}.Debug|x86.Build.0 = Debug|Any CPU
		{5DBC3DF0-3DF1-4D4F-850F-BF3A80D8C192}.Release|Any CPU.ActiveCfg = Release|Any CPU
		{5DBC3DF0-3DF1-4D4F-850F-BF3A80D8C192}.Release|Any CPU.Build.0 = Release|Any CPU
		{5DBC3DF0-3DF1-4D4F-850F-BF3A80D8C192}.Release|ARM.ActiveCfg = Release|Any CPU
		{5DBC3DF0-3DF1-4D4F-850F-BF3A80D8C192}.Release|ARM.Build.0 = Release|Any CPU
		{5DBC3DF0-3DF1-4D4F-850F-BF3A80D8C192}.Release|x64.ActiveCfg = Release|Any CPU
		{5DBC3DF0-3DF1-4D4F-850F-BF3A80D8C192}.Release|x64.Build.0 = Release|Any CPU
		{5DBC3DF0-3DF1-4D4F-850F-BF3A80D8C192}.Release|x86.ActiveCfg = Release|Any CPU
		{5DBC3DF0-3DF1-4D4F-850F-BF3A80D8C192}.Release|x86.Build.0 = Release|Any CPU
		{89084131-8B09-4109-8079-65379674DF99}.Debug|Any CPU.ActiveCfg = Debug|Any CPU
		{89084131-8B09-4109-8079-65379674DF99}.Debug|Any CPU.Build.0 = Debug|Any CPU
		{89084131-8B09-4109-8079-65379674DF99}.Debug|ARM.ActiveCfg = Debug|Any CPU
		{89084131-8B09-4109-8079-65379674DF99}.Debug|ARM.Build.0 = Debug|Any CPU
		{89084131-8B09-4109-8079-65379674DF99}.Debug|x64.ActiveCfg = Debug|Any CPU
		{89084131-8B09-4109-8079-65379674DF99}.Debug|x64.Build.0 = Debug|Any CPU
		{89084131-8B09-4109-8079-65379674DF99}.Debug|x86.ActiveCfg = Debug|Any CPU
		{89084131-8B09-4109-8079-65379674DF99}.Debug|x86.Build.0 = Debug|Any CPU
		{89084131-8B09-4109-8079-65379674DF99}.Release|Any CPU.ActiveCfg = Release|Any CPU
		{89084131-8B09-4109-8079-65379674DF99}.Release|Any CPU.Build.0 = Release|Any CPU
		{89084131-8B09-4109-8079-65379674DF99}.Release|ARM.ActiveCfg = Release|Any CPU
		{89084131-8B09-4109-8079-65379674DF99}.Release|ARM.Build.0 = Release|Any CPU
		{89084131-8B09-4109-8079-65379674DF99}.Release|x64.ActiveCfg = Release|Any CPU
		{89084131-8B09-4109-8079-65379674DF99}.Release|x64.Build.0 = Release|Any CPU
		{89084131-8B09-4109-8079-65379674DF99}.Release|x86.ActiveCfg = Release|Any CPU
		{89084131-8B09-4109-8079-65379674DF99}.Release|x86.Build.0 = Release|Any CPU
	EndGlobalSection
	GlobalSection(SolutionProperties) = preSolution
		HideSolutionNode = FALSE
	EndGlobalSection
	GlobalSection(NestedProjects) = preSolution
		{6F503DF9-71C9-4340-90BB-D9AA14ADB686} = {70E1E439-6844-4AF5-8049-7C5BC7C1455C}
		{D8EDCF68-8D38-4035-AE33-0977D9C15075} = {CE7206EA-62F5-44E4-9AC1-B2BE2FB120CA}
		{81627400-7444-4CC3-95AA-88D5144E4F5B} = {CE7206EA-62F5-44E4-9AC1-B2BE2FB120CA}
		{F2AC4109-2809-4535-984B-F4E8FB589AE2} = {CE7206EA-62F5-44E4-9AC1-B2BE2FB120CA}
		{161BA1A8-A83A-4C10-9CE0-677C0CEFD680} = {CE7206EA-62F5-44E4-9AC1-B2BE2FB120CA}
		{5DBC3DF0-3DF1-4D4F-850F-BF3A80D8C192} = {70E1E439-6844-4AF5-8049-7C5BC7C1455C}
		{AA22E14D-5EFC-402D-8505-1B5E75FAA3CC} = {70E1E439-6844-4AF5-8049-7C5BC7C1455C}
	EndGlobalSection
	GlobalSection(ExtensibilityGlobals) = postSolution
		SolutionGuid = {88D124C7-44A9-472A-A79B-B944350BE53E}
	EndGlobalSection
EndGlobal
