
Microsoft Visual Studio Solution File, Format Version 12.00
# Visual Studio 15
VisualStudioVersion = 15.0.26430.13
MinimumVisualStudioVersion = 10.0.40219.1
Project("{FAE04EC0-301F-11D3-BF4B-00C04F79EFBC}") = "SortedObservableCollectionUnitTests", "SortedObservableCollectionUnitTests\SortedObservableCollectionUnitTests.csproj", "{BEB995DE-D866-41CD-B0A8-64CC637C4A9F}"
EndProject
Project("{FAE04EC0-301F-11D3-BF4B-00C04F79EFBC}") = "SortedObservableCollection", "SortedObservableCollection\SortedObservableCollection.csproj", "{745C64FF-73F9-4675-BEA1-28A67212A73C}"
EndProject
Global
	GlobalSection(SolutionConfigurationPlatforms) = preSolution
		Debug|Any CPU = Debug|Any CPU
		Debug|ARM = Debug|ARM
		Debug|x64 = Debug|x64
		Debug|x86 = Debug|x86
		Release|Any CPU = Release|Any CPU
		Release|ARM = Release|ARM
		Release|x64 = Release|x64
		Release|x86 = Release|x86
	EndGlobalSection
	GlobalSection(ProjectConfigurationPlatforms) = postSolution
		{BEB995DE-D866-41CD-B0A8-64CC637C4A9F}.Debug|Any CPU.ActiveCfg = Debug|x86
		{BEB995DE-D866-41CD-B0A8-64CC637C4A9F}.Debug|ARM.ActiveCfg = Debug|ARM
		{BEB995DE-D866-41CD-B0A8-64CC637C4A9F}.Debug|ARM.Build.0 = Debug|ARM
		{BEB995DE-D866-41CD-B0A8-64CC637C4A9F}.Debug|ARM.Deploy.0 = Debug|ARM
		{BEB995DE-D866-41CD-B0A8-64CC637C4A9F}.Debug|x64.ActiveCfg = Debug|x64
		{BEB995DE-D866-41CD-B0A8-64CC637C4A9F}.Debug|x64.Build.0 = Debug|x64
		{BEB995DE-D866-41CD-B0A8-64CC637C4A9F}.Debug|x64.Deploy.0 = Debug|x64
		{BEB995DE-D866-41CD-B0A8-64CC637C4A9F}.Debug|x86.ActiveCfg = Debug|x86
		{BEB995DE-D866-41CD-B0A8-64CC637C4A9F}.Debug|x86.Build.0 = Debug|x86
		{BEB995DE-D866-41CD-B0A8-64CC637C4A9F}.Debug|x86.Deploy.0 = Debug|x86
		{BEB995DE-D866-41CD-B0A8-64CC637C4A9F}.Release|Any CPU.ActiveCfg = Release|x86
		{BEB995DE-D866-41CD-B0A8-64CC637C4A9F}.Release|ARM.ActiveCfg = Release|ARM
		{BEB995DE-D866-41CD-B0A8-64CC637C4A9F}.Release|ARM.Build.0 = Release|ARM
		{BEB995DE-D866-41CD-B0A8-64CC637C4A9F}.Release|ARM.Deploy.0 = Release|ARM
		{BEB995DE-D866-41CD-B0A8-64CC637C4A9F}.Release|x64.ActiveCfg = Release|x64
		{BEB995DE-D866-41CD-B0A8-64CC637C4A9F}.Release|x64.Build.0 = Release|x64
		{BEB995DE-D866-41CD-B0A8-64CC637C4A9F}.Release|x64.Deploy.0 = Release|x64
		{BEB995DE-D866-41CD-B0A8-64CC637C4A9F}.Release|x86.ActiveCfg = Release|x86
		{BEB995DE-D866-41CD-B0A8-64CC637C4A9F}.Release|x86.Build.0 = Release|x86
		{BEB995DE-D866-41CD-B0A8-64CC637C4A9F}.Release|x86.Deploy.0 = Release|x86
		{745C64FF-73F9-4675-BEA1-28A67212A73C}.Debug|Any CPU.ActiveCfg = Debug|Any CPU
		{745C64FF-73F9-4675-BEA1-28A67212A73C}.Debug|Any CPU.Build.0 = Debug|Any CPU
		{745C64FF-73F9-4675-BEA1-28A67212A73C}.Debug|ARM.ActiveCfg = Debug|Any CPU
		{745C64FF-73F9-4675-BEA1-28A67212A73C}.Debug|ARM.Build.0 = Debug|Any CPU
		{745C64FF-73F9-4675-BEA1-28A67212A73C}.Debug|x64.ActiveCfg = Debug|Any CPU
		{745C64FF-73F9-4675-BEA1-28A67212A73C}.Debug|x64.Build.0 = Debug|Any CPU
		{745C64FF-73F9-4675-BEA1-28A67212A73C}.Debug|x86.ActiveCfg = Debug|Any CPU
		{745C64FF-73F9-4675-BEA1-28A67212A73C}.Debug|x86.Build.0 = Debug|Any CPU
		{745C64FF-73F9-4675-BEA1-28A67212A73C}.Release|Any CPU.ActiveCfg = Release|Any CPU
		{745C64FF-73F9-4675-BEA1-28A67212A73C}.Release|Any CPU.Build.0 = Release|Any CPU
		{745C64FF-73F9-4675-BEA1-28A67212A73C}.Release|ARM.ActiveCfg = Release|Any CPU
		{745C64FF-73F9-4675-BEA1-28A67212A73C}.Release|ARM.Build.0 = Release|Any CPU
		{745C64FF-73F9-4675-BEA1-28A67212A73C}.Release|x64.ActiveCfg = Release|Any CPU
		{745C64FF-73F9-4675-BEA1-28A67212A73C}.Release|x64.Build.0 = Release|Any CPU
		{745C64FF-73F9-4675-BEA1-28A67212A73C}.Release|x86.ActiveCfg = Release|Any CPU
		{745C64FF-73F9-4675-BEA1-28A67212A73C}.Release|x86.Build.0 = Release|Any CPU
	EndGlobalSection
	GlobalSection(SolutionProperties) = preSolution
		HideSolutionNode = FALSE
	EndGlobalSection
	GlobalSection(ExtensibilityGlobals) = postSolution
		SolutionGuid = {FFAB4D52-33D9-4AF0-AC1C-E9DF933F607B}
	EndGlobalSection
EndGlobal
